
Microsoft Visual Studio Solution File, Format Version 12.00
# Visual Studio Version 16
VisualStudioVersion = 16.0.34729.46
MinimumVisualStudioVersion = 10.0.40219.1
Project("{FAE04EC0-301F-11D3-BF4B-00C04F79EFBC}") = "Vista", "Vista\Vista.csproj", "{5042D0E5-365C-4580-B278-F99E7B1DB176}"
EndProject
Project("{FAE04EC0-301F-11D3-BF4B-00C04F79EFBC}") = "Modelo", "Modelo\Modelo.csproj", "{6ED1E5B8-45DC-4467-82DD-352E3D2AFCEF}"
EndProject
Project("{FAE04EC0-301F-11D3-BF4B-00C04F79EFBC}") = "Controlador", "Controlador\Controlador.csproj", "{872822ED-EB8E-48C8-856E-656A8794BBF8}"
EndProject
Global
	GlobalSection(SolutionConfigurationPlatforms) = preSolution
		Debug|Any CPU = Debug|Any CPU
		Release|Any CPU = Release|Any CPU
	EndGlobalSection
	GlobalSection(ProjectConfigurationPlatforms) = postSolution
		{5042D0E5-365C-4580-B278-F99E7B1DB176}.Debug|Any CPU.ActiveCfg = Debug|Any CPU
		{5042D0E5-365C-4580-B278-F99E7B1DB176}.Debug|Any CPU.Build.0 = Debug|Any CPU
		{5042D0E5-365C-4580-B278-F99E7B1DB176}.Release|Any CPU.ActiveCfg = Release|Any CPU
		{5042D0E5-365C-4580-B278-F99E7B1DB176}.Release|Any CPU.Build.0 = Release|Any CPU
		{6ED1E5B8-45DC-4467-82DD-352E3D2AFCEF}.Debug|Any CPU.ActiveCfg = Debug|Any CPU
		{6ED1E5B8-45DC-4467-82DD-352E3D2AFCEF}.Debug|Any CPU.Build.0 = Debug|Any CPU
		{6ED1E5B8-45DC-4467-82DD-352E3D2AFCEF}.Release|Any CPU.ActiveCfg = Release|Any CPU
		{6ED1E5B8-45DC-4467-82DD-352E3D2AFCEF}.Release|Any CPU.Build.0 = Release|Any CPU
		{872822ED-EB8E-48C8-856E-656A8794BBF8}.Debug|Any CPU.ActiveCfg = Debug|Any CPU
		{872822ED-EB8E-48C8-856E-656A8794BBF8}.Debug|Any CPU.Build.0 = Debug|Any CPU
		{872822ED-EB8E-48C8-856E-656A8794BBF8}.Release|Any CPU.ActiveCfg = Release|Any CPU
		{872822ED-EB8E-48C8-856E-656A8794BBF8}.Release|Any CPU.Build.0 = Release|Any CPU
	EndGlobalSection
	GlobalSection(SolutionProperties) = preSolution
		HideSolutionNode = FALSE
	EndGlobalSection
	GlobalSection(ExtensibilityGlobals) = postSolution
		SolutionGuid = {5B859EFF-0C8B-4B1F-AB18-7E186B416ECB}
	EndGlobalSection
EndGlobal
